
Microsoft Visual Studio Solution File, Format Version 12.00
# Visual Studio Version 16
VisualStudioVersion = 16.0.30523.141
MinimumVisualStudioVersion = 10.0.40219.1
Project("{9A19103F-16F7-4668-BE54-9A1E7A4F7556}") = "Application", "adotapet\Application.csproj", "{63B10B25-2FBE-4B41-8AD7-877518494FE8}"
	ProjectSection(ProjectDependencies) = postProject
		{E022FE6D-5F9E-411D-B558-4DAF22095A8F} = {E022FE6D-5F9E-411D-B558-4DAF22095A8F}
		{268EB3F2-083B-4A30-8FCD-16DECC06A6E9} = {268EB3F2-083B-4A30-8FCD-16DECC06A6E9}
	EndProjectSection
EndProject
Project("{9A19103F-16F7-4668-BE54-9A1E7A4F7556}") = "Domain", "Domain2\Domain.csproj", "{268EB3F2-083B-4A30-8FCD-16DECC06A6E9}"
EndProject
Project("{9A19103F-16F7-4668-BE54-9A1E7A4F7556}") = "Service", "Service_CL\Service.csproj", "{E022FE6D-5F9E-411D-B558-4DAF22095A8F}"
EndProject
Project("{FAE04EC0-301F-11D3-BF4B-00C04F79EFBC}") = "Infra.CrossCutting.IoC", "Infra.CrossCutting.IoC\Infra.CrossCutting.IoC.csproj", "{17F31CC0-6D1A-4428-99A8-C3895B920098}"
EndProject
Global
	GlobalSection(SolutionConfigurationPlatforms) = preSolution
		Debug|Any CPU = Debug|Any CPU
		Release|Any CPU = Release|Any CPU
	EndGlobalSection
	GlobalSection(ProjectConfigurationPlatforms) = postSolution
		{63B10B25-2FBE-4B41-8AD7-877518494FE8}.Debug|Any CPU.ActiveCfg = Debug|Any CPU
		{63B10B25-2FBE-4B41-8AD7-877518494FE8}.Debug|Any CPU.Build.0 = Debug|Any CPU
		{63B10B25-2FBE-4B41-8AD7-877518494FE8}.Release|Any CPU.ActiveCfg = Release|Any CPU
		{63B10B25-2FBE-4B41-8AD7-877518494FE8}.Release|Any CPU.Build.0 = Release|Any CPU
		{268EB3F2-083B-4A30-8FCD-16DECC06A6E9}.Debug|Any CPU.ActiveCfg = Debug|Any CPU
		{268EB3F2-083B-4A30-8FCD-16DECC06A6E9}.Debug|Any CPU.Build.0 = Debug|Any CPU
		{268EB3F2-083B-4A30-8FCD-16DECC06A6E9}.Release|Any CPU.ActiveCfg = Release|Any CPU
		{268EB3F2-083B-4A30-8FCD-16DECC06A6E9}.Release|Any CPU.Build.0 = Release|Any CPU
		{E022FE6D-5F9E-411D-B558-4DAF22095A8F}.Debug|Any CPU.ActiveCfg = Debug|Any CPU
		{E022FE6D-5F9E-411D-B558-4DAF22095A8F}.Debug|Any CPU.Build.0 = Debug|Any CPU
		{E022FE6D-5F9E-411D-B558-4DAF22095A8F}.Release|Any CPU.ActiveCfg = Release|Any CPU
		{E022FE6D-5F9E-411D-B558-4DAF22095A8F}.Release|Any CPU.Build.0 = Release|Any CPU
		{17F31CC0-6D1A-4428-99A8-C3895B920098}.Debug|Any CPU.ActiveCfg = Debug|Any CPU
		{17F31CC0-6D1A-4428-99A8-C3895B920098}.Debug|Any CPU.Build.0 = Debug|Any CPU
		{17F31CC0-6D1A-4428-99A8-C3895B920098}.Release|Any CPU.ActiveCfg = Release|Any CPU
		{17F31CC0-6D1A-4428-99A8-C3895B920098}.Release|Any CPU.Build.0 = Release|Any CPU
	EndGlobalSection
	GlobalSection(SolutionProperties) = preSolution
		HideSolutionNode = FALSE
	EndGlobalSection
	GlobalSection(ExtensibilityGlobals) = postSolution
		SolutionGuid = {D1F2D355-6281-400A-9A00-BB216BA3C031}
	EndGlobalSection
EndGlobal
