
Microsoft Visual Studio Solution File, Format Version 12.00
# Visual Studio Version 16
VisualStudioVersion = 16.0.30523.141
MinimumVisualStudioVersion = 10.0.40219.1
Project("{9A19103F-16F7-4668-BE54-9A1E7A4F7556}") = "adotapet", "adotapet\adotapet.csproj", "{63B10B25-2FBE-4B41-8AD7-877518494FE8}"
EndProject
Project("{FAE04EC0-301F-11D3-BF4B-00C04F79EFBC}") = "Domain", "Domain\Domain.csproj", "{351695FD-78F3-460E-9B57-CA6F188F71E3}"
EndProject
Global
	GlobalSection(SolutionConfigurationPlatforms) = preSolution
		Debug|Any CPU = Debug|Any CPU
		Release|Any CPU = Release|Any CPU
	EndGlobalSection
	GlobalSection(ProjectConfigurationPlatforms) = postSolution
		{63B10B25-2FBE-4B41-8AD7-877518494FE8}.Debug|Any CPU.ActiveCfg = Debug|Any CPU
		{63B10B25-2FBE-4B41-8AD7-877518494FE8}.Debug|Any CPU.Build.0 = Debug|Any CPU
		{63B10B25-2FBE-4B41-8AD7-877518494FE8}.Release|Any CPU.ActiveCfg = Release|Any CPU
		{63B10B25-2FBE-4B41-8AD7-877518494FE8}.Release|Any CPU.Build.0 = Release|Any CPU
		{351695FD-78F3-460E-9B57-CA6F188F71E3}.Debug|Any CPU.ActiveCfg = Debug|Any CPU
		{351695FD-78F3-460E-9B57-CA6F188F71E3}.Debug|Any CPU.Build.0 = Debug|Any CPU
		{351695FD-78F3-460E-9B57-CA6F188F71E3}.Release|Any CPU.ActiveCfg = Release|Any CPU
		{351695FD-78F3-460E-9B57-CA6F188F71E3}.Release|Any CPU.Build.0 = Release|Any CPU
	EndGlobalSection
	GlobalSection(SolutionProperties) = preSolution
		HideSolutionNode = FALSE
	EndGlobalSection
	GlobalSection(ExtensibilityGlobals) = postSolution
		SolutionGuid = {D1F2D355-6281-400A-9A00-BB216BA3C031}
	EndGlobalSection
EndGlobal
